
Microsoft Visual Studio Solution File, Format Version 12.00
# Visual Studio Version 16
VisualStudioVersion = 16.0.29814.53
MinimumVisualStudioVersion = 10.0.40219.1
Project("{F2A71F9B-5D33-465A-A702-920D77279786}") = "ClassLibrary1", "ClassLibrary1\ClassLibrary1.fsproj", "{060F3ABE-74C7-4CDE-AE30-ABDA6346A1BF}"
EndProject
Global
	GlobalSection(SolutionConfigurationPlatforms) = preSolution
		Debug|Any CPU = Debug|Any CPU
		Release|Any CPU = Release|Any CPU
	EndGlobalSection
	GlobalSection(ProjectConfigurationPlatforms) = postSolution
		{060F3ABE-74C7-4CDE-AE30-ABDA6346A1BF}.Debug|Any CPU.ActiveCfg = Debug|Any CPU
		{060F3ABE-74C7-4CDE-AE30-ABDA6346A1BF}.Debug|Any CPU.Build.0 = Debug|Any CPU
		{060F3ABE-74C7-4CDE-AE30-ABDA6346A1BF}.Release|Any CPU.ActiveCfg = Release|Any CPU
		{060F3ABE-74C7-4CDE-AE30-ABDA6346A1BF}.Release|Any CPU.Build.0 = Release|Any CPU
	EndGlobalSection
	GlobalSection(SolutionProperties) = preSolution
		HideSolutionNode = FALSE
	EndGlobalSection
	GlobalSection(ExtensibilityGlobals) = postSolution
		SolutionGuid = {870B775D-9C5C-4A0A-93DF-72C35B88ED96}
	EndGlobalSection
EndGlobal
